{
  "requires": true,
  "lockfileVersion": 1,
  "dependencies": {
    "@grapecity/spread-excelio": {
      "version": "13.1.4",
      "resolved": "https://registry.npmjs.org/@grapecity/spread-excelio/-/spread-excelio-13.1.4.tgz",
      "integrity": "sha512-iLG1xf3F3x1Ne0hce0vrHUdoofd0iX2Nzg9OWs+KiXt8Ohwb+yZC7+CkaT4oTO4A8SX2kaCw+aqEMnE2mrY9+g==",
      "requires": {
        "@grapecity/spread-sheets": "13.1.4"
      }
    },
    "@grapecity/spread-sheets": {
      "version": "13.1.4",
      "resolved": "https://registry.npmjs.org/@grapecity/spread-sheets/-/spread-sheets-13.1.4.tgz",
      "integrity": "sha512-1KnQ44ZxxtYGRqEze3pXO925agIlL/Ya+qYiuOIgp2MJSlEotyXoYhoHOZas9uy60wVtywRhG6IlPQ9+zuwvog=="
    },
    "file-saver": {
      "version": "2.0.2",
      "resolved": "https://registry.npmjs.org/file-saver/-/file-saver-2.0.2.tgz",
      "integrity": "sha512-Wz3c3XQ5xroCxd1G8b7yL0Ehkf0TC9oYC6buPFkNnU9EnaPlifeAFCyCh+iewXTyFRcg0a6j3J7FmJsIhlhBdw=="
    },
    "sax": {
      "version": "1.2.4",
      "resolved": "https://registry.npmjs.org/sax/-/sax-1.2.4.tgz",
      "integrity": "sha512-NqVDv9TpANUjFm0N8uM5GxL36UgKi9/atZw+x7YFnQ8ckwFGKrl4xX4yWtrey3UJm5nP1kUbnYgLopqWNSRhWw=="
    },
    "xml2js": {
      "version": "0.4.23",
      "resolved": "https://registry.npmjs.org/xml2js/-/xml2js-0.4.23.tgz",
      "integrity": "sha512-ySPiMjM0+pLDftHgXY4By0uswI3SPKLDw/i3UXbnO8M/p28zqexCUoPmQFrYD+/1BzhGJSs2i1ERWKJAtiLrug==",
      "requires": {
        "sax": ">=0.6.0",
        "xmlbuilder": "~11.0.0"
      }
    },
    "xmlbuilder": {
      "version": "11.0.1",
      "resolved": "https://registry.npmjs.org/xmlbuilder/-/xmlbuilder-11.0.1.tgz",
      "integrity": "sha512-fDlsI/kFEx7gLvbecc0/ohLG50fugQp8ryHzMTuW9vSa1GJ0XYWKnhsUx7oie3G98+r56aTQIUB4kht42R3JvA=="
    }
  }
}
